
Microsoft Visual Studio Solution File, Format Version 12.00
# Visual Studio 15
VisualStudioVersion = 15.0.27428.2037
MinimumVisualStudioVersion = 10.0.40219.1
Project("{FAE04EC0-301F-11D3-BF4B-00C04F79EFBC}") = "AnalyzePoint.FrontEnd", "AnalyzePoint.FrontEnd\AnalyzePoint.FrontEnd.csproj", "{95A48D6B-B880-4A8F-A89C-368CABBCB233}"
EndProject
Project("{FAE04EC0-301F-11D3-BF4B-00C04F79EFBC}") = "AnalyzePoint.Core", "AnalyzePoint.Core\AnalyzePoint.Core.csproj", "{A7F7580F-F23A-498D-9184-25887A3BC173}"
EndProject
Project("{2150E333-8FDC-42A3-9474-1A3956D46DE8}") = "Solution Items", "Solution Items", "{61E70381-5721-4EDE-A242-E904F809D53D}"
	ProjectSection(SolutionItems) = preProject
		SharedAssemblyInfo.cs = SharedAssemblyInfo.cs
	EndProjectSection
EndProject
Project("{FAE04EC0-301F-11D3-BF4B-00C04F79EFBC}") = "AnalyzePoint.SharePointServer", "AnalyzePoint.SharePointServer\AnalyzePoint.SharePointServer.csproj", "{CAB0409C-A93F-423A-8A3E-603679DCBF11}"
EndProject
Project("{FAE04EC0-301F-11D3-BF4B-00C04F79EFBC}") = "AnalyzePoint.TestHarness", "AnalyzePoint.TestHarness\AnalyzePoint.TestHarness.csproj", "{3BB596D4-2CDD-4956-AC08-BA852D660170}"
EndProject
Global
	GlobalSection(SolutionConfigurationPlatforms) = preSolution
		Debug|Any CPU = Debug|Any CPU
		Release|Any CPU = Release|Any CPU
	EndGlobalSection
	GlobalSection(ProjectConfigurationPlatforms) = postSolution
		{95A48D6B-B880-4A8F-A89C-368CABBCB233}.Debug|Any CPU.ActiveCfg = Debug|Any CPU
		{95A48D6B-B880-4A8F-A89C-368CABBCB233}.Debug|Any CPU.Build.0 = Debug|Any CPU
		{95A48D6B-B880-4A8F-A89C-368CABBCB233}.Release|Any CPU.ActiveCfg = Release|Any CPU
		{95A48D6B-B880-4A8F-A89C-368CABBCB233}.Release|Any CPU.Build.0 = Release|Any CPU
		{A7F7580F-F23A-498D-9184-25887A3BC173}.Debug|Any CPU.ActiveCfg = Debug|Any CPU
		{A7F7580F-F23A-498D-9184-25887A3BC173}.Debug|Any CPU.Build.0 = Debug|Any CPU
		{A7F7580F-F23A-498D-9184-25887A3BC173}.Release|Any CPU.ActiveCfg = Release|Any CPU
		{A7F7580F-F23A-498D-9184-25887A3BC173}.Release|Any CPU.Build.0 = Release|Any CPU
		{CAB0409C-A93F-423A-8A3E-603679DCBF11}.Debug|Any CPU.ActiveCfg = Debug|Any CPU
		{CAB0409C-A93F-423A-8A3E-603679DCBF11}.Debug|Any CPU.Build.0 = Debug|Any CPU
		{CAB0409C-A93F-423A-8A3E-603679DCBF11}.Release|Any CPU.ActiveCfg = Release|Any CPU
		{CAB0409C-A93F-423A-8A3E-603679DCBF11}.Release|Any CPU.Build.0 = Release|Any CPU
		{3BB596D4-2CDD-4956-AC08-BA852D660170}.Debug|Any CPU.ActiveCfg = Debug|Any CPU
		{3BB596D4-2CDD-4956-AC08-BA852D660170}.Debug|Any CPU.Build.0 = Debug|Any CPU
		{3BB596D4-2CDD-4956-AC08-BA852D660170}.Release|Any CPU.ActiveCfg = Release|Any CPU
		{3BB596D4-2CDD-4956-AC08-BA852D660170}.Release|Any CPU.Build.0 = Release|Any CPU
	EndGlobalSection
	GlobalSection(SolutionProperties) = preSolution
		HideSolutionNode = FALSE
	EndGlobalSection
	GlobalSection(ExtensibilityGlobals) = postSolution
		SolutionGuid = {ABBD0065-63A6-4BD3-B257-187FF97C2BD8}
	EndGlobalSection
EndGlobal
